// !$*UTF8*$!
{
	archiveVersion = 1;
	classes = {
	};
	objectVersion = 50;
	objects = {

/* Begin PBXBuildFile section */
		0B325788261CA58D00FA1DB7 /* DeckHelper.swift in Sources */ = {isa = PBXBuildFile; fileRef = 0B325787261CA58D00FA1DB7 /* DeckHelper.swift */; };
		0BDA9A6E260B582F00E781AF /* itemsPlayer.swift in Sources */ = {isa = PBXBuildFile; fileRef = 0BDA9A6D260B582F00E781AF /* itemsPlayer.swift */; };
		0BDA9A74260B655C00E781AF /* Item.swift in Sources */ = {isa = PBXBuildFile; fileRef = 0BDA9A73260B655C00E781AF /* Item.swift */; };
		0BDA9A8D260B818800E781AF /* ItemsEnemy.swift in Sources */ = {isa = PBXBuildFile; fileRef = 0BDA9A8C260B818800E781AF /* ItemsEnemy.swift */; };
		AF3DDF35261DDF59006BCAD6 /* Player.swift in Sources */ = {isa = PBXBuildFile; fileRef = AF3DDF34261DDF59006BCAD6 /* Player.swift */; };
		AF3DDF3A261DEA6A006BCAD6 /* GameManagement.swift in Sources */ = {isa = PBXBuildFile; fileRef = AF3DDF39261DEA6A006BCAD6 /* GameManagement.swift */; };
		AFB3987B2600ECD500B2FE89 /* DisplayCardHelper.swift in Sources */ = {isa = PBXBuildFile; fileRef = AFB3987A2600ECD500B2FE89 /* DisplayCardHelper.swift */; };
		AFBB2C79260CC09B001D2A87 /* Colors.swift in Sources */ = {isa = PBXBuildFile; fileRef = AFBB2C78260CC09B001D2A87 /* Colors.swift */; };
		AFBB2C82260CC692001D2A87 /* Surrender.swift in Sources */ = {isa = PBXBuildFile; fileRef = AFBB2C81260CC692001D2A87 /* Surrender.swift */; };
		AFBB2C87260CCB25001D2A87 /* Cactus.swift in Sources */ = {isa = PBXBuildFile; fileRef = AFBB2C86260CCB25001D2A87 /* Cactus.swift */; };
		AFBB2C8C260CD0DB001D2A87 /* Positions.swift in Sources */ = {isa = PBXBuildFile; fileRef = AFBB2C8B260CD0DB001D2A87 /* Positions.swift */; };
		AFBB2C91260CD432001D2A87 /* ButtonMainAction.swift in Sources */ = {isa = PBXBuildFile; fileRef = AFBB2C90260CD432001D2A87 /* ButtonMainAction.swift */; };
		AFC650B5260A37060009D78F /* Sizes.swift in Sources */ = {isa = PBXBuildFile; fileRef = AFC650B4260A37060009D78F /* Sizes.swift */; };
		D7CA4B7E261CA8C400D9445E /* DeckHelper.swift in Sources */ = {isa = PBXBuildFile; fileRef = D7CA4B7D261CA8C400D9445E /* DeckHelper.swift */; };
		D7CA4B83261CA90D00D9445E /* HomeViewController.swift in Sources */ = {isa = PBXBuildFile; fileRef = D7CA4B82261CA90D00D9445E /* HomeViewController.swift */; };
		D7CA4B88261CA92300D9445E /* HomeScene.swift in Sources */ = {isa = PBXBuildFile; fileRef = D7CA4B87261CA92300D9445E /* HomeScene.swift */; };
		D7CA4B8E261DF3E800D9445E /* xilosa_.ttf in Resources */ = {isa = PBXBuildFile; fileRef = D7CA4B8D261DF3E800D9445E /* xilosa_.ttf */; };
		EC19ED21260E218B00FA4FD1 /* Component.swift in Sources */ = {isa = PBXBuildFile; fileRef = EC19ED20260E218B00FA4FD1 /* Component.swift */; };
		EC5105B625FB906B00BF07BB /* AppDelegate.swift in Sources */ = {isa = PBXBuildFile; fileRef = EC5105B525FB906B00BF07BB /* AppDelegate.swift */; };
		EC5105BC25FB906B00BF07BB /* GameScene.swift in Sources */ = {isa = PBXBuildFile; fileRef = EC5105BB25FB906B00BF07BB /* GameScene.swift */; };
		EC5105BE25FB906B00BF07BB /* GameViewController.swift in Sources */ = {isa = PBXBuildFile; fileRef = EC5105BD25FB906B00BF07BB /* GameViewController.swift */; };
		EC5105C125FB906B00BF07BB /* Main.storyboard in Resources */ = {isa = PBXBuildFile; fileRef = EC5105BF25FB906B00BF07BB /* Main.storyboard */; };
		EC5105C325FB906C00BF07BB /* Assets.xcassets in Resources */ = {isa = PBXBuildFile; fileRef = EC5105C225FB906C00BF07BB /* Assets.xcassets */; };
		EC5105CE25FB906D00BF07BB /* GameChallengeTests.swift in Sources */ = {isa = PBXBuildFile; fileRef = EC5105CD25FB906D00BF07BB /* GameChallengeTests.swift */; };
		EC5105D925FB906D00BF07BB /* GameChallengeUITests.swift in Sources */ = {isa = PBXBuildFile; fileRef = EC5105D825FB906D00BF07BB /* GameChallengeUITests.swift */; };
		EC5105F125FB923600BF07BB /* .swiftlint.yml in Resources */ = {isa = PBXBuildFile; fileRef = EC5105F025FB923600BF07BB /* .swiftlint.yml */; };

		EC5B88A7261DDFE7009A9298 /* HealPassive.swift in Sources */ = {isa = PBXBuildFile; fileRef = EC5B88A6261DDFE7009A9298 /* HealPassive.swift */; };
		EC5B88AC261DE009009A9298 /* DamagePassive.swift in Sources */ = {isa = PBXBuildFile; fileRef = EC5B88AB261DE009009A9298 /* DamagePassive.swift */; };

		EC7EA90F260386240090DEDD /* CardBuilder.swift in Sources */ = {isa = PBXBuildFile; fileRef = EC7EA90E260386240090DEDD /* CardBuilder.swift */; };
		ECA67E4C25FF84B500E699C4 /* Cards.swift in Sources */ = {isa = PBXBuildFile; fileRef = ECA67E4B25FF84B500E699C4 /* Cards.swift */; };
		ECA67E5125FF859D00E699C4 /* EntityCard.swift in Sources */ = {isa = PBXBuildFile; fileRef = ECA67E5025FF859D00E699C4 /* EntityCard.swift */; };
		ECA67E5625FF862900E699C4 /* AssocietedCard.swift in Sources */ = {isa = PBXBuildFile; fileRef = ECA67E5525FF862900E699C4 /* AssocietedCard.swift */; };
		ECA67E5E25FF866800E699C4 /* SpellCard.swift in Sources */ = {isa = PBXBuildFile; fileRef = ECA67E5D25FF866800E699C4 /* SpellCard.swift */; };
		ECA67E7125FF9BA900E699C4 /* DefenseComponent.swift in Sources */ = {isa = PBXBuildFile; fileRef = ECA67E7025FF9BA900E699C4 /* DefenseComponent.swift */; };
		ECA67E912600D04700E699C4 /* Grid.swift in Sources */ = {isa = PBXBuildFile; fileRef = ECA67E902600D04700E699C4 /* Grid.swift */; };
		ECC3AA052608DBF5008488EF /* BoardHelper.swift in Sources */ = {isa = PBXBuildFile; fileRef = ECC3AA042608DBF5008488EF /* BoardHelper.swift */; };
		ECDDB0962600F913000ED6BE /* PowerComponent.swift in Sources */ = {isa = PBXBuildFile; fileRef = ECDDB0952600F913000ED6BE /* PowerComponent.swift */; };
		ECDDB09B2600F966000ED6BE /* CostComponent.swift in Sources */ = {isa = PBXBuildFile; fileRef = ECDDB09A2600F966000ED6BE /* CostComponent.swift */; };
		ECDDB0B826022544000ED6BE /* PassiveComponent.swift in Sources */ = {isa = PBXBuildFile; fileRef = ECDDB0B726022544000ED6BE /* PassiveComponent.swift */; };
		ECDDB0BD260226DD000ED6BE /* Passive.swift in Sources */ = {isa = PBXBuildFile; fileRef = ECDDB0BC260226DD000ED6BE /* Passive.swift */; };
		ECDDB0C226022781000ED6BE /* CreatCardsPassive.swift in Sources */ = {isa = PBXBuildFile; fileRef = ECDDB0C126022781000ED6BE /* CreatCardsPassive.swift */; };
		ECDDB0D32602430A000ED6BE /* Cards.json in Resources */ = {isa = PBXBuildFile; fileRef = ECDDB0D22602430A000ED6BE /* Cards.json */; };
		ECDDB0D926024447000ED6BE /* JSONService.swift in Sources */ = {isa = PBXBuildFile; fileRef = ECDDB0D826024447000ED6BE /* JSONService.swift */; };
		ECDDB0E12602445E000ED6BE /* JSONStruct.swift in Sources */ = {isa = PBXBuildFile; fileRef = ECDDB0E02602445E000ED6BE /* JSONStruct.swift */; };
/* End PBXBuildFile section */

/* Begin PBXContainerItemProxy section */
		EC5105CA25FB906D00BF07BB /* PBXContainerItemProxy */ = {
			isa = PBXContainerItemProxy;
			containerPortal = EC5105AA25FB906B00BF07BB /* Project object */;
			proxyType = 1;
			remoteGlobalIDString = EC5105B125FB906B00BF07BB;
			remoteInfo = GameChallenge;
		};
		EC5105D525FB906D00BF07BB /* PBXContainerItemProxy */ = {
			isa = PBXContainerItemProxy;
			containerPortal = EC5105AA25FB906B00BF07BB /* Project object */;
			proxyType = 1;
			remoteGlobalIDString = EC5105B125FB906B00BF07BB;
			remoteInfo = GameChallenge;
		};
/* End PBXContainerItemProxy section */

/* Begin PBXFileReference section */
		0B325787261CA58D00FA1DB7 /* DeckHelper.swift */ = {isa = PBXFileReference; fileEncoding = 4; lastKnownFileType = sourcecode.swift; path = DeckHelper.swift; sourceTree = "<group>"; };
		0BDA9A6D260B582F00E781AF /* itemsPlayer.swift */ = {isa = PBXFileReference; lastKnownFileType = sourcecode.swift; path = itemsPlayer.swift; sourceTree = "<group>"; };
		0BDA9A73260B655C00E781AF /* Item.swift */ = {isa = PBXFileReference; lastKnownFileType = sourcecode.swift; path = Item.swift; sourceTree = "<group>"; };
		0BDA9A8C260B818800E781AF /* ItemsEnemy.swift */ = {isa = PBXFileReference; lastKnownFileType = sourcecode.swift; path = ItemsEnemy.swift; sourceTree = "<group>"; };
		AF3DDF34261DDF59006BCAD6 /* Player.swift */ = {isa = PBXFileReference; lastKnownFileType = sourcecode.swift; path = Player.swift; sourceTree = "<group>"; };
		AF3DDF39261DEA6A006BCAD6 /* GameManagement.swift */ = {isa = PBXFileReference; lastKnownFileType = sourcecode.swift; path = GameManagement.swift; sourceTree = "<group>"; };
		AFB3987A2600ECD500B2FE89 /* DisplayCardHelper.swift */ = {isa = PBXFileReference; lastKnownFileType = sourcecode.swift; path = DisplayCardHelper.swift; sourceTree = "<group>"; };
		AFBB2C78260CC09B001D2A87 /* Colors.swift */ = {isa = PBXFileReference; lastKnownFileType = sourcecode.swift; path = Colors.swift; sourceTree = "<group>"; };
		AFBB2C81260CC692001D2A87 /* Surrender.swift */ = {isa = PBXFileReference; lastKnownFileType = sourcecode.swift; path = Surrender.swift; sourceTree = "<group>"; };
		AFBB2C86260CCB25001D2A87 /* Cactus.swift */ = {isa = PBXFileReference; lastKnownFileType = sourcecode.swift; path = Cactus.swift; sourceTree = "<group>"; };
		AFBB2C8B260CD0DB001D2A87 /* Positions.swift */ = {isa = PBXFileReference; lastKnownFileType = sourcecode.swift; path = Positions.swift; sourceTree = "<group>"; };
		AFBB2C90260CD432001D2A87 /* ButtonMainAction.swift */ = {isa = PBXFileReference; lastKnownFileType = sourcecode.swift; path = ButtonMainAction.swift; sourceTree = "<group>"; };
		AFC650B4260A37060009D78F /* Sizes.swift */ = {isa = PBXFileReference; lastKnownFileType = sourcecode.swift; path = Sizes.swift; sourceTree = "<group>"; };
		D7CA4B7D261CA8C400D9445E /* DeckHelper.swift */ = {isa = PBXFileReference; fileEncoding = 4; lastKnownFileType = sourcecode.swift; path = DeckHelper.swift; sourceTree = "<group>"; };
		D7CA4B82261CA90D00D9445E /* HomeViewController.swift */ = {isa = PBXFileReference; lastKnownFileType = sourcecode.swift; path = HomeViewController.swift; sourceTree = "<group>"; };
		D7CA4B87261CA92300D9445E /* HomeScene.swift */ = {isa = PBXFileReference; lastKnownFileType = sourcecode.swift; path = HomeScene.swift; sourceTree = "<group>"; };
		D7CA4B8D261DF3E800D9445E /* xilosa_.ttf */ = {isa = PBXFileReference; lastKnownFileType = file; path = xilosa_.ttf; sourceTree = "<group>"; };
		EC19ED20260E218B00FA4FD1 /* Component.swift */ = {isa = PBXFileReference; lastKnownFileType = sourcecode.swift; path = Component.swift; sourceTree = "<group>"; };
		EC5105B225FB906B00BF07BB /* GameChallenge.app */ = {isa = PBXFileReference; explicitFileType = wrapper.application; includeInIndex = 0; path = GameChallenge.app; sourceTree = BUILT_PRODUCTS_DIR; };
		EC5105B525FB906B00BF07BB /* AppDelegate.swift */ = {isa = PBXFileReference; lastKnownFileType = sourcecode.swift; path = AppDelegate.swift; sourceTree = "<group>"; };
		EC5105BB25FB906B00BF07BB /* GameScene.swift */ = {isa = PBXFileReference; lastKnownFileType = sourcecode.swift; path = GameScene.swift; sourceTree = "<group>"; };
		EC5105BD25FB906B00BF07BB /* GameViewController.swift */ = {isa = PBXFileReference; lastKnownFileType = sourcecode.swift; path = GameViewController.swift; sourceTree = "<group>"; };
		EC5105C025FB906B00BF07BB /* Base */ = {isa = PBXFileReference; lastKnownFileType = file.storyboard; name = Base; path = Base.lproj/Main.storyboard; sourceTree = "<group>"; };
		EC5105C225FB906C00BF07BB /* Assets.xcassets */ = {isa = PBXFileReference; lastKnownFileType = folder.assetcatalog; path = Assets.xcassets; sourceTree = "<group>"; };
		EC5105C425FB906C00BF07BB /* Info.plist */ = {isa = PBXFileReference; lastKnownFileType = text.plist.xml; path = Info.plist; sourceTree = "<group>"; };
		EC5105C925FB906D00BF07BB /* GameChallengeTests.xctest */ = {isa = PBXFileReference; explicitFileType = wrapper.cfbundle; includeInIndex = 0; path = GameChallengeTests.xctest; sourceTree = BUILT_PRODUCTS_DIR; };
		EC5105CD25FB906D00BF07BB /* GameChallengeTests.swift */ = {isa = PBXFileReference; lastKnownFileType = sourcecode.swift; path = GameChallengeTests.swift; sourceTree = "<group>"; };
		EC5105CF25FB906D00BF07BB /* Info.plist */ = {isa = PBXFileReference; lastKnownFileType = text.plist.xml; path = Info.plist; sourceTree = "<group>"; };
		EC5105D425FB906D00BF07BB /* GameChallengeUITests.xctest */ = {isa = PBXFileReference; explicitFileType = wrapper.cfbundle; includeInIndex = 0; path = GameChallengeUITests.xctest; sourceTree = BUILT_PRODUCTS_DIR; };
		EC5105D825FB906D00BF07BB /* GameChallengeUITests.swift */ = {isa = PBXFileReference; lastKnownFileType = sourcecode.swift; path = GameChallengeUITests.swift; sourceTree = "<group>"; };
		EC5105DA25FB906D00BF07BB /* Info.plist */ = {isa = PBXFileReference; lastKnownFileType = text.plist.xml; path = Info.plist; sourceTree = "<group>"; };
		EC5105F025FB923600BF07BB /* .swiftlint.yml */ = {isa = PBXFileReference; lastKnownFileType = text.yaml; path = .swiftlint.yml; sourceTree = "<group>"; };

		EC5B88A6261DDFE7009A9298 /* HealPassive.swift */ = {isa = PBXFileReference; lastKnownFileType = sourcecode.swift; path = HealPassive.swift; sourceTree = "<group>"; };
		EC5B88AB261DE009009A9298 /* DamagePassive.swift */ = {isa = PBXFileReference; lastKnownFileType = sourcecode.swift; path = DamagePassive.swift; sourceTree = "<group>"; };

		EC7EA90E260386240090DEDD /* CardBuilder.swift */ = {isa = PBXFileReference; lastKnownFileType = sourcecode.swift; path = CardBuilder.swift; sourceTree = "<group>"; };
		ECA67E4B25FF84B500E699C4 /* Cards.swift */ = {isa = PBXFileReference; lastKnownFileType = sourcecode.swift; path = Cards.swift; sourceTree = "<group>"; };
		ECA67E5025FF859D00E699C4 /* EntityCard.swift */ = {isa = PBXFileReference; lastKnownFileType = sourcecode.swift; path = EntityCard.swift; sourceTree = "<group>"; };
		ECA67E5525FF862900E699C4 /* AssocietedCard.swift */ = {isa = PBXFileReference; lastKnownFileType = sourcecode.swift; path = AssocietedCard.swift; sourceTree = "<group>"; };
		ECA67E5D25FF866800E699C4 /* SpellCard.swift */ = {isa = PBXFileReference; lastKnownFileType = sourcecode.swift; path = SpellCard.swift; sourceTree = "<group>"; };
		ECA67E7025FF9BA900E699C4 /* DefenseComponent.swift */ = {isa = PBXFileReference; lastKnownFileType = sourcecode.swift; path = DefenseComponent.swift; sourceTree = "<group>"; };
		ECA67E902600D04700E699C4 /* Grid.swift */ = {isa = PBXFileReference; lastKnownFileType = sourcecode.swift; path = Grid.swift; sourceTree = "<group>"; };
		ECC3AA042608DBF5008488EF /* BoardHelper.swift */ = {isa = PBXFileReference; lastKnownFileType = sourcecode.swift; path = BoardHelper.swift; sourceTree = "<group>"; };
		ECDDB0952600F913000ED6BE /* PowerComponent.swift */ = {isa = PBXFileReference; lastKnownFileType = sourcecode.swift; path = PowerComponent.swift; sourceTree = "<group>"; };
		ECDDB09A2600F966000ED6BE /* CostComponent.swift */ = {isa = PBXFileReference; lastKnownFileType = sourcecode.swift; path = CostComponent.swift; sourceTree = "<group>"; };
		ECDDB0B726022544000ED6BE /* PassiveComponent.swift */ = {isa = PBXFileReference; lastKnownFileType = sourcecode.swift; path = PassiveComponent.swift; sourceTree = "<group>"; };
		ECDDB0BC260226DD000ED6BE /* Passive.swift */ = {isa = PBXFileReference; lastKnownFileType = sourcecode.swift; path = Passive.swift; sourceTree = "<group>"; };
		ECDDB0C126022781000ED6BE /* CreatCardsPassive.swift */ = {isa = PBXFileReference; lastKnownFileType = sourcecode.swift; path = CreatCardsPassive.swift; sourceTree = "<group>"; };
		ECDDB0D22602430A000ED6BE /* Cards.json */ = {isa = PBXFileReference; lastKnownFileType = text.json; path = Cards.json; sourceTree = "<group>"; };
		ECDDB0D826024447000ED6BE /* JSONService.swift */ = {isa = PBXFileReference; lastKnownFileType = sourcecode.swift; path = JSONService.swift; sourceTree = "<group>"; };
		ECDDB0E02602445E000ED6BE /* JSONStruct.swift */ = {isa = PBXFileReference; lastKnownFileType = sourcecode.swift; path = JSONStruct.swift; sourceTree = "<group>"; };
/* End PBXFileReference section */

/* Begin PBXFrameworksBuildPhase section */
		EC5105AF25FB906B00BF07BB /* Frameworks */ = {
			isa = PBXFrameworksBuildPhase;
			buildActionMask = 2147483647;
			files = (
			);
			runOnlyForDeploymentPostprocessing = 0;
		};
		EC5105C625FB906D00BF07BB /* Frameworks */ = {
			isa = PBXFrameworksBuildPhase;
			buildActionMask = 2147483647;
			files = (
			);
			runOnlyForDeploymentPostprocessing = 0;
		};
		EC5105D125FB906D00BF07BB /* Frameworks */ = {
			isa = PBXFrameworksBuildPhase;
			buildActionMask = 2147483647;
			files = (
			);
			runOnlyForDeploymentPostprocessing = 0;
		};
/* End PBXFrameworksBuildPhase section */

/* Begin PBXGroup section */
		0BDA9A72260B643800E781AF /* Hud */ = {
			isa = PBXGroup;
			children = (
				0B325787261CA58D00FA1DB7 /* DeckHelper.swift */,
				0BDA9A73260B655C00E781AF /* Item.swift */,
				AFBB2C86260CCB25001D2A87 /* Cactus.swift */,
			);
			path = Hud;
			sourceTree = "<group>";
		};
		AFBB2C7D260CC0A2001D2A87 /* Utils */ = {
			isa = PBXGroup;
			children = (
				AFC650B4260A37060009D78F /* Sizes.swift */,
				AFBB2C78260CC09B001D2A87 /* Colors.swift */,
				AFBB2C8B260CD0DB001D2A87 /* Positions.swift */,
			);
			path = Utils;
			sourceTree = "<group>";
		};
		D7CA4B8C261DF3AF00D9445E /* Fonts */ = {
			isa = PBXGroup;
			children = (
				D7CA4B8D261DF3E800D9445E /* xilosa_.ttf */,
			);
			path = Fonts;
			sourceTree = "<group>";
		};
		EC5105A925FB906B00BF07BB = {
			isa = PBXGroup;
			children = (
				EC5105F025FB923600BF07BB /* .swiftlint.yml */,
				EC5105B425FB906B00BF07BB /* GameChallenge */,
				EC5105CC25FB906D00BF07BB /* GameChallengeTests */,
				EC5105D725FB906D00BF07BB /* GameChallengeUITests */,
				EC5105B325FB906B00BF07BB /* Products */,
			);
			sourceTree = "<group>";
		};
		EC5105B325FB906B00BF07BB /* Products */ = {
			isa = PBXGroup;
			children = (
				EC5105B225FB906B00BF07BB /* GameChallenge.app */,
				EC5105C925FB906D00BF07BB /* GameChallengeTests.xctest */,
				EC5105D425FB906D00BF07BB /* GameChallengeUITests.xctest */,
			);
			name = Products;
			sourceTree = "<group>";
		};
		EC5105B425FB906B00BF07BB /* GameChallenge */ = {
			isa = PBXGroup;
			children = (
				D7CA4B8C261DF3AF00D9445E /* Fonts */,
				AFBB2C7D260CC0A2001D2A87 /* Utils */,
				0BDA9A72260B643800E781AF /* Hud */,
				ECDDB0D726024421000ED6BE /* Services */,
				EC5105EC25FB90E000BF07BB /* Components */,
				EC5105EB25FB90D800BF07BB /* Helpers */,
				EC5105EA25FB90CE00BF07BB /* Entities */,
				EC5105B525FB906B00BF07BB /* AppDelegate.swift */,
				EC5105BB25FB906B00BF07BB /* GameScene.swift */,
				D7CA4B87261CA92300D9445E /* HomeScene.swift */,
				EC5105BD25FB906B00BF07BB /* GameViewController.swift */,
				D7CA4B82261CA90D00D9445E /* HomeViewController.swift */,
				EC5105BF25FB906B00BF07BB /* Main.storyboard */,
				EC5105C225FB906C00BF07BB /* Assets.xcassets */,
				EC5105C425FB906C00BF07BB /* Info.plist */,
				ECDDB0D22602430A000ED6BE /* Cards.json */,
			);
			path = GameChallenge;
			sourceTree = "<group>";
		};
		EC5105CC25FB906D00BF07BB /* GameChallengeTests */ = {
			isa = PBXGroup;
			children = (
				EC5105CD25FB906D00BF07BB /* GameChallengeTests.swift */,
				EC5105CF25FB906D00BF07BB /* Info.plist */,
			);
			path = GameChallengeTests;
			sourceTree = "<group>";
		};
		EC5105D725FB906D00BF07BB /* GameChallengeUITests */ = {
			isa = PBXGroup;
			children = (
				EC5105D825FB906D00BF07BB /* GameChallengeUITests.swift */,
				EC5105DA25FB906D00BF07BB /* Info.plist */,
			);
			path = GameChallengeUITests;
			sourceTree = "<group>";
		};
		EC5105EA25FB90CE00BF07BB /* Entities */ = {
			isa = PBXGroup;
			children = (
				ECA67E4B25FF84B500E699C4 /* Cards.swift */,
				ECA67E5025FF859D00E699C4 /* EntityCard.swift */,
				ECA67E5525FF862900E699C4 /* AssocietedCard.swift */,
				ECA67E5D25FF866800E699C4 /* SpellCard.swift */,
				AF3DDF34261DDF59006BCAD6 /* Player.swift */,
			);
			path = Entities;
			sourceTree = "<group>";
		};
		EC5105EB25FB90D800BF07BB /* Helpers */ = {
			isa = PBXGroup;
			children = (
				ECA67E902600D04700E699C4 /* Grid.swift */,
				AFB3987A2600ECD500B2FE89 /* DisplayCardHelper.swift */,
				0BDA9A6D260B582F00E781AF /* itemsPlayer.swift */,
				0BDA9A8C260B818800E781AF /* ItemsEnemy.swift */,
				AFBB2C81260CC692001D2A87 /* Surrender.swift */,
				AFBB2C90260CD432001D2A87 /* ButtonMainAction.swift */,
				ECC3AA042608DBF5008488EF /* BoardHelper.swift */,
				AF3DDF39261DEA6A006BCAD6 /* GameManagement.swift */,
			);
			path = Helpers;
			sourceTree = "<group>";
		};
		EC5105EC25FB90E000BF07BB /* Components */ = {
			isa = PBXGroup;
			children = (
				EC19ED20260E218B00FA4FD1 /* Component.swift */,
				ECA67E7025FF9BA900E699C4 /* DefenseComponent.swift */,
				ECDDB0952600F913000ED6BE /* PowerComponent.swift */,
				ECDDB09A2600F966000ED6BE /* CostComponent.swift */,
				ECDDB0B726022544000ED6BE /* PassiveComponent.swift */,
				ECDDB0BC260226DD000ED6BE /* Passive.swift */,
				ECDDB0C126022781000ED6BE /* CreatCardsPassive.swift */,
				EC5B88A6261DDFE7009A9298 /* HealPassive.swift */,
				EC5B88AB261DE009009A9298 /* DamagePassive.swift */,
			);
			path = Components;
			sourceTree = "<group>";
		};
		ECDDB0D726024421000ED6BE /* Services */ = {
			isa = PBXGroup;
			children = (
				ECDDB0D826024447000ED6BE /* JSONService.swift */,
				ECDDB0E02602445E000ED6BE /* JSONStruct.swift */,
				EC7EA90E260386240090DEDD /* CardBuilder.swift */,
			);
			path = Services;
			sourceTree = "<group>";
		};
/* End PBXGroup section */

/* Begin PBXNativeTarget section */
		EC5105B125FB906B00BF07BB /* GameChallenge */ = {
			isa = PBXNativeTarget;
			buildConfigurationList = EC5105DD25FB906D00BF07BB /* Build configuration list for PBXNativeTarget "GameChallenge" */;
			buildPhases = (
				EC5105AE25FB906B00BF07BB /* Sources */,
				EC5105AF25FB906B00BF07BB /* Frameworks */,
				EC5105B025FB906B00BF07BB /* Resources */,
				EC5105E925FB908500BF07BB /* ShellScript */,
			);
			buildRules = (
			);
			dependencies = (
			);
			name = GameChallenge;
			productName = GameChallenge;
			productReference = EC5105B225FB906B00BF07BB /* GameChallenge.app */;
			productType = "com.apple.product-type.application";
		};
		EC5105C825FB906D00BF07BB /* GameChallengeTests */ = {
			isa = PBXNativeTarget;
			buildConfigurationList = EC5105E025FB906D00BF07BB /* Build configuration list for PBXNativeTarget "GameChallengeTests" */;
			buildPhases = (
				EC5105C525FB906D00BF07BB /* Sources */,
				EC5105C625FB906D00BF07BB /* Frameworks */,
				EC5105C725FB906D00BF07BB /* Resources */,
			);
			buildRules = (
			);
			dependencies = (
				EC5105CB25FB906D00BF07BB /* PBXTargetDependency */,
			);
			name = GameChallengeTests;
			productName = GameChallengeTests;
			productReference = EC5105C925FB906D00BF07BB /* GameChallengeTests.xctest */;
			productType = "com.apple.product-type.bundle.unit-test";
		};
		EC5105D325FB906D00BF07BB /* GameChallengeUITests */ = {
			isa = PBXNativeTarget;
			buildConfigurationList = EC5105E325FB906D00BF07BB /* Build configuration list for PBXNativeTarget "GameChallengeUITests" */;
			buildPhases = (
				EC5105D025FB906D00BF07BB /* Sources */,
				EC5105D125FB906D00BF07BB /* Frameworks */,
				EC5105D225FB906D00BF07BB /* Resources */,
			);
			buildRules = (
			);
			dependencies = (
				EC5105D625FB906D00BF07BB /* PBXTargetDependency */,
			);
			name = GameChallengeUITests;
			productName = GameChallengeUITests;
			productReference = EC5105D425FB906D00BF07BB /* GameChallengeUITests.xctest */;
			productType = "com.apple.product-type.bundle.ui-testing";
		};
/* End PBXNativeTarget section */

/* Begin PBXProject section */
		EC5105AA25FB906B00BF07BB /* Project object */ = {
			isa = PBXProject;
			attributes = {
				LastSwiftUpdateCheck = 1240;
				LastUpgradeCheck = 1240;
				TargetAttributes = {
					EC5105B125FB906B00BF07BB = {
						CreatedOnToolsVersion = 12.4;
					};
					EC5105C825FB906D00BF07BB = {
						CreatedOnToolsVersion = 12.4;
						TestTargetID = EC5105B125FB906B00BF07BB;
					};
					EC5105D325FB906D00BF07BB = {
						CreatedOnToolsVersion = 12.4;
						TestTargetID = EC5105B125FB906B00BF07BB;
					};
				};
			};
			buildConfigurationList = EC5105AD25FB906B00BF07BB /* Build configuration list for PBXProject "GameChallenge" */;
			compatibilityVersion = "Xcode 9.3";
			developmentRegion = en;
			hasScannedForEncodings = 0;
			knownRegions = (
				en,
				Base,
			);
			mainGroup = EC5105A925FB906B00BF07BB;
			productRefGroup = EC5105B325FB906B00BF07BB /* Products */;
			projectDirPath = "";
			projectRoot = "";
			targets = (
				EC5105B125FB906B00BF07BB /* GameChallenge */,
				EC5105C825FB906D00BF07BB /* GameChallengeTests */,
				EC5105D325FB906D00BF07BB /* GameChallengeUITests */,
			);
		};
/* End PBXProject section */

/* Begin PBXResourcesBuildPhase section */
		EC5105B025FB906B00BF07BB /* Resources */ = {
			isa = PBXResourcesBuildPhase;
			buildActionMask = 2147483647;
			files = (
				EC5105F125FB923600BF07BB /* .swiftlint.yml in Resources */,
				EC5105C125FB906B00BF07BB /* Main.storyboard in Resources */,
				EC5105C325FB906C00BF07BB /* Assets.xcassets in Resources */,
				ECDDB0D32602430A000ED6BE /* Cards.json in Resources */,
				D7CA4B8E261DF3E800D9445E /* xilosa_.ttf in Resources */,
			);
			runOnlyForDeploymentPostprocessing = 0;
		};
		EC5105C725FB906D00BF07BB /* Resources */ = {
			isa = PBXResourcesBuildPhase;
			buildActionMask = 2147483647;
			files = (
			);
			runOnlyForDeploymentPostprocessing = 0;
		};
		EC5105D225FB906D00BF07BB /* Resources */ = {
			isa = PBXResourcesBuildPhase;
			buildActionMask = 2147483647;
			files = (
			);
			runOnlyForDeploymentPostprocessing = 0;
		};
/* End PBXResourcesBuildPhase section */

/* Begin PBXShellScriptBuildPhase section */
		EC5105E925FB908500BF07BB /* ShellScript */ = {
			isa = PBXShellScriptBuildPhase;
			buildActionMask = 2147483647;
			files = (
			);
			inputFileListPaths = (
			);
			inputPaths = (
			);
			outputFileListPaths = (
			);
			outputPaths = (
			);
			runOnlyForDeploymentPostprocessing = 0;
			shellPath = /bin/sh;
			shellScript = "if which swiftlint >/dev/null; then\n  swiftlint\nelse\n  echo \"warning: SwiftLint not installed, download from https://github.com/realm/SwiftLint\"\nfi\n";
		};
/* End PBXShellScriptBuildPhase section */

/* Begin PBXSourcesBuildPhase section */
		EC5105AE25FB906B00BF07BB /* Sources */ = {
			isa = PBXSourcesBuildPhase;
			buildActionMask = 2147483647;
			files = (
				ECC3AA052608DBF5008488EF /* BoardHelper.swift in Sources */,
				EC5B88A7261DDFE7009A9298 /* HealPassive.swift in Sources */,
				D7CA4B88261CA92300D9445E /* HomeScene.swift in Sources */,
				ECA67E5625FF862900E699C4 /* AssocietedCard.swift in Sources */,
				D7CA4B83261CA90D00D9445E /* HomeViewController.swift in Sources */,
				ECDDB0D926024447000ED6BE /* JSONService.swift in Sources */,
				AFBB2C82260CC692001D2A87 /* Surrender.swift in Sources */,
				AFB3987B2600ECD500B2FE89 /* DisplayCardHelper.swift in Sources */,
				AFBB2C87260CCB25001D2A87 /* Cactus.swift in Sources */,
				0BDA9A8D260B818800E781AF /* ItemsEnemy.swift in Sources */,
				EC5B88AC261DE009009A9298 /* DamagePassive.swift in Sources */,
				ECA67E7125FF9BA900E699C4 /* DefenseComponent.swift in Sources */,
				ECDDB0962600F913000ED6BE /* PowerComponent.swift in Sources */,
				AFBB2C79260CC09B001D2A87 /* Colors.swift in Sources */,
				0BDA9A74260B655C00E781AF /* Item.swift in Sources */,
				EC5105BC25FB906B00BF07BB /* GameScene.swift in Sources */,
				AFBB2C91260CD432001D2A87 /* ButtonMainAction.swift in Sources */,
				AF3DDF35261DDF59006BCAD6 /* Player.swift in Sources */,
				AFC650B5260A37060009D78F /* Sizes.swift in Sources */,
				ECA67E912600D04700E699C4 /* Grid.swift in Sources */,
				0BDA9A6E260B582F00E781AF /* itemsPlayer.swift in Sources */,
				ECDDB0BD260226DD000ED6BE /* Passive.swift in Sources */,
				ECDDB0E12602445E000ED6BE /* JSONStruct.swift in Sources */,
				EC7EA90F260386240090DEDD /* CardBuilder.swift in Sources */,
				ECDDB09B2600F966000ED6BE /* CostComponent.swift in Sources */,
				AF3DDF3A261DEA6A006BCAD6 /* GameManagement.swift in Sources */,
				EC5105BE25FB906B00BF07BB /* GameViewController.swift in Sources */,
				ECDDB0C226022781000ED6BE /* CreatCardsPassive.swift in Sources */,
				EC19ED21260E218B00FA4FD1 /* Component.swift in Sources */,
				EC5105B625FB906B00BF07BB /* AppDelegate.swift in Sources */,
				AFBB2C8C260CD0DB001D2A87 /* Positions.swift in Sources */,
				ECA67E5E25FF866800E699C4 /* SpellCard.swift in Sources */,
				ECA67E4C25FF84B500E699C4 /* Cards.swift in Sources */,
				ECA67E5125FF859D00E699C4 /* EntityCard.swift in Sources */,
				0B325788261CA58D00FA1DB7 /* DeckHelper.swift in Sources */,
				ECDDB0B826022544000ED6BE /* PassiveComponent.swift in Sources */,
			);
			runOnlyForDeploymentPostprocessing = 0;
		};
		EC5105C525FB906D00BF07BB /* Sources */ = {
			isa = PBXSourcesBuildPhase;
			buildActionMask = 2147483647;
			files = (
				EC5105CE25FB906D00BF07BB /* GameChallengeTests.swift in Sources */,
			);
			runOnlyForDeploymentPostprocessing = 0;
		};
		EC5105D025FB906D00BF07BB /* Sources */ = {
			isa = PBXSourcesBuildPhase;
			buildActionMask = 2147483647;
			files = (
				EC5105D925FB906D00BF07BB /* GameChallengeUITests.swift in Sources */,
			);
			runOnlyForDeploymentPostprocessing = 0;
		};
/* End PBXSourcesBuildPhase section */

/* Begin PBXTargetDependency section */
		EC5105CB25FB906D00BF07BB /* PBXTargetDependency */ = {
			isa = PBXTargetDependency;
			target = EC5105B125FB906B00BF07BB /* GameChallenge */;
			targetProxy = EC5105CA25FB906D00BF07BB /* PBXContainerItemProxy */;
		};
		EC5105D625FB906D00BF07BB /* PBXTargetDependency */ = {
			isa = PBXTargetDependency;
			target = EC5105B125FB906B00BF07BB /* GameChallenge */;
			targetProxy = EC5105D525FB906D00BF07BB /* PBXContainerItemProxy */;
		};
/* End PBXTargetDependency section */

/* Begin PBXVariantGroup section */
		EC5105BF25FB906B00BF07BB /* Main.storyboard */ = {
			isa = PBXVariantGroup;
			children = (
				EC5105C025FB906B00BF07BB /* Base */,
			);
			name = Main.storyboard;
			sourceTree = "<group>";
		};
/* End PBXVariantGroup section */

/* Begin XCBuildConfiguration section */
		EC5105DB25FB906D00BF07BB /* Debug */ = {
			isa = XCBuildConfiguration;
			buildSettings = {
				ALWAYS_SEARCH_USER_PATHS = NO;
				CLANG_ANALYZER_NONNULL = YES;
				CLANG_ANALYZER_NUMBER_OBJECT_CONVERSION = YES_AGGRESSIVE;
				CLANG_CXX_LANGUAGE_STANDARD = "gnu++14";
				CLANG_CXX_LIBRARY = "libc++";
				CLANG_ENABLE_MODULES = YES;
				CLANG_ENABLE_OBJC_ARC = YES;
				CLANG_ENABLE_OBJC_WEAK = YES;
				CLANG_WARN_BLOCK_CAPTURE_AUTORELEASING = YES;
				CLANG_WARN_BOOL_CONVERSION = YES;
				CLANG_WARN_COMMA = YES;
				CLANG_WARN_CONSTANT_CONVERSION = YES;
				CLANG_WARN_DEPRECATED_OBJC_IMPLEMENTATIONS = YES;
				CLANG_WARN_DIRECT_OBJC_ISA_USAGE = YES_ERROR;
				CLANG_WARN_DOCUMENTATION_COMMENTS = YES;
				CLANG_WARN_EMPTY_BODY = YES;
				CLANG_WARN_ENUM_CONVERSION = YES;
				CLANG_WARN_INFINITE_RECURSION = YES;
				CLANG_WARN_INT_CONVERSION = YES;
				CLANG_WARN_NON_LITERAL_NULL_CONVERSION = YES;
				CLANG_WARN_OBJC_IMPLICIT_RETAIN_SELF = YES;
				CLANG_WARN_OBJC_LITERAL_CONVERSION = YES;
				CLANG_WARN_OBJC_ROOT_CLASS = YES_ERROR;
				CLANG_WARN_QUOTED_INCLUDE_IN_FRAMEWORK_HEADER = YES;
				CLANG_WARN_RANGE_LOOP_ANALYSIS = YES;
				CLANG_WARN_STRICT_PROTOTYPES = YES;
				CLANG_WARN_SUSPICIOUS_MOVE = YES;
				CLANG_WARN_UNGUARDED_AVAILABILITY = YES_AGGRESSIVE;
				CLANG_WARN_UNREACHABLE_CODE = YES;
				CLANG_WARN__DUPLICATE_METHOD_MATCH = YES;
				COPY_PHASE_STRIP = NO;
				DEBUG_INFORMATION_FORMAT = dwarf;
				ENABLE_STRICT_OBJC_MSGSEND = YES;
				ENABLE_TESTABILITY = YES;
				GCC_C_LANGUAGE_STANDARD = gnu11;
				GCC_DYNAMIC_NO_PIC = NO;
				GCC_NO_COMMON_BLOCKS = YES;
				GCC_OPTIMIZATION_LEVEL = 0;
				GCC_PREPROCESSOR_DEFINITIONS = (
					"DEBUG=1",
					"$(inherited)",
				);
				GCC_WARN_64_TO_32_BIT_CONVERSION = YES;
				GCC_WARN_ABOUT_RETURN_TYPE = YES_ERROR;
				GCC_WARN_UNDECLARED_SELECTOR = YES;
				GCC_WARN_UNINITIALIZED_AUTOS = YES_AGGRESSIVE;
				GCC_WARN_UNUSED_FUNCTION = YES;
				GCC_WARN_UNUSED_VARIABLE = YES;
				IPHONEOS_DEPLOYMENT_TARGET = 14.4;
				MTL_ENABLE_DEBUG_INFO = INCLUDE_SOURCE;
				MTL_FAST_MATH = YES;
				ONLY_ACTIVE_ARCH = YES;
				SDKROOT = iphoneos;
				SWIFT_ACTIVE_COMPILATION_CONDITIONS = DEBUG;
				SWIFT_OPTIMIZATION_LEVEL = "-Onone";
			};
			name = Debug;
		};
		EC5105DC25FB906D00BF07BB /* Release */ = {
			isa = XCBuildConfiguration;
			buildSettings = {
				ALWAYS_SEARCH_USER_PATHS = NO;
				CLANG_ANALYZER_NONNULL = YES;
				CLANG_ANALYZER_NUMBER_OBJECT_CONVERSION = YES_AGGRESSIVE;
				CLANG_CXX_LANGUAGE_STANDARD = "gnu++14";
				CLANG_CXX_LIBRARY = "libc++";
				CLANG_ENABLE_MODULES = YES;
				CLANG_ENABLE_OBJC_ARC = YES;
				CLANG_ENABLE_OBJC_WEAK = YES;
				CLANG_WARN_BLOCK_CAPTURE_AUTORELEASING = YES;
				CLANG_WARN_BOOL_CONVERSION = YES;
				CLANG_WARN_COMMA = YES;
				CLANG_WARN_CONSTANT_CONVERSION = YES;
				CLANG_WARN_DEPRECATED_OBJC_IMPLEMENTATIONS = YES;
				CLANG_WARN_DIRECT_OBJC_ISA_USAGE = YES_ERROR;
				CLANG_WARN_DOCUMENTATION_COMMENTS = YES;
				CLANG_WARN_EMPTY_BODY = YES;
				CLANG_WARN_ENUM_CONVERSION = YES;
				CLANG_WARN_INFINITE_RECURSION = YES;
				CLANG_WARN_INT_CONVERSION = YES;
				CLANG_WARN_NON_LITERAL_NULL_CONVERSION = YES;
				CLANG_WARN_OBJC_IMPLICIT_RETAIN_SELF = YES;
				CLANG_WARN_OBJC_LITERAL_CONVERSION = YES;
				CLANG_WARN_OBJC_ROOT_CLASS = YES_ERROR;
				CLANG_WARN_QUOTED_INCLUDE_IN_FRAMEWORK_HEADER = YES;
				CLANG_WARN_RANGE_LOOP_ANALYSIS = YES;
				CLANG_WARN_STRICT_PROTOTYPES = YES;
				CLANG_WARN_SUSPICIOUS_MOVE = YES;
				CLANG_WARN_UNGUARDED_AVAILABILITY = YES_AGGRESSIVE;
				CLANG_WARN_UNREACHABLE_CODE = YES;
				CLANG_WARN__DUPLICATE_METHOD_MATCH = YES;
				COPY_PHASE_STRIP = NO;
				DEBUG_INFORMATION_FORMAT = "dwarf-with-dsym";
				ENABLE_NS_ASSERTIONS = NO;
				ENABLE_STRICT_OBJC_MSGSEND = YES;
				GCC_C_LANGUAGE_STANDARD = gnu11;
				GCC_NO_COMMON_BLOCKS = YES;
				GCC_WARN_64_TO_32_BIT_CONVERSION = YES;
				GCC_WARN_ABOUT_RETURN_TYPE = YES_ERROR;
				GCC_WARN_UNDECLARED_SELECTOR = YES;
				GCC_WARN_UNINITIALIZED_AUTOS = YES_AGGRESSIVE;
				GCC_WARN_UNUSED_FUNCTION = YES;
				GCC_WARN_UNUSED_VARIABLE = YES;
				IPHONEOS_DEPLOYMENT_TARGET = 14.4;
				MTL_ENABLE_DEBUG_INFO = NO;
				MTL_FAST_MATH = YES;
				SDKROOT = iphoneos;
				SWIFT_COMPILATION_MODE = wholemodule;
				SWIFT_OPTIMIZATION_LEVEL = "-O";
				VALIDATE_PRODUCT = YES;
			};
			name = Release;
		};
		EC5105DE25FB906D00BF07BB /* Debug */ = {
			isa = XCBuildConfiguration;
			buildSettings = {
				ASSETCATALOG_COMPILER_APPICON_NAME = AppIcon;
				ASSETCATALOG_COMPILER_GLOBAL_ACCENT_COLOR_NAME = AccentColor;
				CODE_SIGN_STYLE = Automatic;
				DEVELOPMENT_TEAM = JCC32S9S9V;
				INFOPLIST_FILE = GameChallenge/Info.plist;
				LD_RUNPATH_SEARCH_PATHS = (
					"$(inherited)",
					"@executable_path/Frameworks",
				);
				PRODUCT_BUNDLE_IDENTIFIER = "Fernando-de-Lucas.GameChallenge";
				PRODUCT_NAME = "$(TARGET_NAME)";
				SWIFT_VERSION = 5.0;
				TARGETED_DEVICE_FAMILY = 1;
			};
			name = Debug;
		};
		EC5105DF25FB906D00BF07BB /* Release */ = {
			isa = XCBuildConfiguration;
			buildSettings = {
				ASSETCATALOG_COMPILER_APPICON_NAME = AppIcon;
				ASSETCATALOG_COMPILER_GLOBAL_ACCENT_COLOR_NAME = AccentColor;
				CODE_SIGN_STYLE = Automatic;
				DEVELOPMENT_TEAM = JCC32S9S9V;
				INFOPLIST_FILE = GameChallenge/Info.plist;
				LD_RUNPATH_SEARCH_PATHS = (
					"$(inherited)",
					"@executable_path/Frameworks",
				);
				PRODUCT_BUNDLE_IDENTIFIER = "Fernando-de-Lucas.GameChallenge";
				PRODUCT_NAME = "$(TARGET_NAME)";
				SWIFT_VERSION = 5.0;
				TARGETED_DEVICE_FAMILY = 1;
			};
			name = Release;
		};
		EC5105E125FB906D00BF07BB /* Debug */ = {
			isa = XCBuildConfiguration;
			buildSettings = {
				ALWAYS_EMBED_SWIFT_STANDARD_LIBRARIES = YES;
				BUNDLE_LOADER = "$(TEST_HOST)";
				CODE_SIGN_STYLE = Automatic;
				DEVELOPMENT_TEAM = YBM22U9FU3;
				INFOPLIST_FILE = GameChallengeTests/Info.plist;
				IPHONEOS_DEPLOYMENT_TARGET = 14.4;
				LD_RUNPATH_SEARCH_PATHS = (
					"$(inherited)",
					"@executable_path/Frameworks",
					"@loader_path/Frameworks",
				);
				PRODUCT_BUNDLE_IDENTIFIER = "Fernando-de-Lucas.GameChallengeTests";
				PRODUCT_NAME = "$(TARGET_NAME)";
				SWIFT_VERSION = 5.0;
				TARGETED_DEVICE_FAMILY = "1,2";
				TEST_HOST = "$(BUILT_PRODUCTS_DIR)/GameChallenge.app/GameChallenge";
			};
			name = Debug;
		};
		EC5105E225FB906D00BF07BB /* Release */ = {
			isa = XCBuildConfiguration;
			buildSettings = {
				ALWAYS_EMBED_SWIFT_STANDARD_LIBRARIES = YES;
				BUNDLE_LOADER = "$(TEST_HOST)";
				CODE_SIGN_STYLE = Automatic;
				DEVELOPMENT_TEAM = YBM22U9FU3;
				INFOPLIST_FILE = GameChallengeTests/Info.plist;
				IPHONEOS_DEPLOYMENT_TARGET = 14.4;
				LD_RUNPATH_SEARCH_PATHS = (
					"$(inherited)",
					"@executable_path/Frameworks",
					"@loader_path/Frameworks",
				);
				PRODUCT_BUNDLE_IDENTIFIER = "Fernando-de-Lucas.GameChallengeTests";
				PRODUCT_NAME = "$(TARGET_NAME)";
				SWIFT_VERSION = 5.0;
				TARGETED_DEVICE_FAMILY = "1,2";
				TEST_HOST = "$(BUILT_PRODUCTS_DIR)/GameChallenge.app/GameChallenge";
			};
			name = Release;
		};
		EC5105E425FB906D00BF07BB /* Debug */ = {
			isa = XCBuildConfiguration;
			buildSettings = {
				ALWAYS_EMBED_SWIFT_STANDARD_LIBRARIES = YES;
				CODE_SIGN_STYLE = Automatic;
				DEVELOPMENT_TEAM = YBM22U9FU3;
				INFOPLIST_FILE = GameChallengeUITests/Info.plist;
				LD_RUNPATH_SEARCH_PATHS = (
					"$(inherited)",
					"@executable_path/Frameworks",
					"@loader_path/Frameworks",
				);
				PRODUCT_BUNDLE_IDENTIFIER = "Fernando-de-Lucas.GameChallengeUITests";
				PRODUCT_NAME = "$(TARGET_NAME)";
				SWIFT_VERSION = 5.0;
				TARGETED_DEVICE_FAMILY = "1,2";
				TEST_TARGET_NAME = GameChallenge;
			};
			name = Debug;
		};
		EC5105E525FB906D00BF07BB /* Release */ = {
			isa = XCBuildConfiguration;
			buildSettings = {
				ALWAYS_EMBED_SWIFT_STANDARD_LIBRARIES = YES;
				CODE_SIGN_STYLE = Automatic;
				DEVELOPMENT_TEAM = YBM22U9FU3;
				INFOPLIST_FILE = GameChallengeUITests/Info.plist;
				LD_RUNPATH_SEARCH_PATHS = (
					"$(inherited)",
					"@executable_path/Frameworks",
					"@loader_path/Frameworks",
				);
				PRODUCT_BUNDLE_IDENTIFIER = "Fernando-de-Lucas.GameChallengeUITests";
				PRODUCT_NAME = "$(TARGET_NAME)";
				SWIFT_VERSION = 5.0;
				TARGETED_DEVICE_FAMILY = "1,2";
				TEST_TARGET_NAME = GameChallenge;
			};
			name = Release;
		};
/* End XCBuildConfiguration section */

/* Begin XCConfigurationList section */
		EC5105AD25FB906B00BF07BB /* Build configuration list for PBXProject "GameChallenge" */ = {
			isa = XCConfigurationList;
			buildConfigurations = (
				EC5105DB25FB906D00BF07BB /* Debug */,
				EC5105DC25FB906D00BF07BB /* Release */,
			);
			defaultConfigurationIsVisible = 0;
			defaultConfigurationName = Release;
		};
		EC5105DD25FB906D00BF07BB /* Build configuration list for PBXNativeTarget "GameChallenge" */ = {
			isa = XCConfigurationList;
			buildConfigurations = (
				EC5105DE25FB906D00BF07BB /* Debug */,
				EC5105DF25FB906D00BF07BB /* Release */,
			);
			defaultConfigurationIsVisible = 0;
			defaultConfigurationName = Release;
		};
		EC5105E025FB906D00BF07BB /* Build configuration list for PBXNativeTarget "GameChallengeTests" */ = {
			isa = XCConfigurationList;
			buildConfigurations = (
				EC5105E125FB906D00BF07BB /* Debug */,
				EC5105E225FB906D00BF07BB /* Release */,
			);
			defaultConfigurationIsVisible = 0;
			defaultConfigurationName = Release;
		};
		EC5105E325FB906D00BF07BB /* Build configuration list for PBXNativeTarget "GameChallengeUITests" */ = {
			isa = XCConfigurationList;
			buildConfigurations = (
				EC5105E425FB906D00BF07BB /* Debug */,
				EC5105E525FB906D00BF07BB /* Release */,
			);
			defaultConfigurationIsVisible = 0;
			defaultConfigurationName = Release;
		};
/* End XCConfigurationList section */
	};
	rootObject = EC5105AA25FB906B00BF07BB /* Project object */;
}
